
Microsoft Visual Studio Solution File, Format Version 12.00
# Visual Studio Version 16
VisualStudioVersion = 16.0.28803.202
MinimumVisualStudioVersion = 10.0.40219.1
Project("{FAE04EC0-301F-11D3-BF4B-00C04F79EFBC}") = "TCIP_forms_interface", "TCIP_forms_interface\TCIP_forms_interface.csproj", "{3E023632-D07C-448A-BE0D-B4276287A61F}"
EndProject
Global
	GlobalSection(SolutionConfigurationPlatforms) = preSolution
		Debug|Any CPU = Debug|Any CPU
		Release|Any CPU = Release|Any CPU
	EndGlobalSection
	GlobalSection(ProjectConfigurationPlatforms) = postSolution
		{3E023632-D07C-448A-BE0D-B4276287A61F}.Debug|Any CPU.ActiveCfg = Debug|Any CPU
		{3E023632-D07C-448A-BE0D-B4276287A61F}.Debug|Any CPU.Build.0 = Debug|Any CPU
		{3E023632-D07C-448A-BE0D-B4276287A61F}.Release|Any CPU.ActiveCfg = Release|Any CPU
		{3E023632-D07C-448A-BE0D-B4276287A61F}.Release|Any CPU.Build.0 = Release|Any CPU
	EndGlobalSection
	GlobalSection(SolutionProperties) = preSolution
		HideSolutionNode = FALSE
	EndGlobalSection
	GlobalSection(ExtensibilityGlobals) = postSolution
		SolutionGuid = {B1FF3106-28DA-43C2-AA98-15C74F6807F0}
	EndGlobalSection
EndGlobal
